
Microsoft Visual Studio Solution File, Format Version 12.00
# Visual Studio 2013
VisualStudioVersion = 12.0.21005.1
MinimumVisualStudioVersion = 10.0.40219.1
Project("{FAE04EC0-301F-11D3-BF4B-00C04F79EFBC}") = "E-mailer", "E-mailer\E-mailer.csproj", "{DA9B7A6E-4104-4531-838C-A851F3A0E4C9}"
EndProject
Project("{FAE04EC0-301F-11D3-BF4B-00C04F79EFBC}") = "EmailStatusChecker", "EmailStatusChecker\EmailStatusChecker.csproj", "{F8AC6F81-6CA5-4825-BE34-D5E91E32672A}"
EndProject
Project("{FAE04EC0-301F-11D3-BF4B-00C04F79EFBC}") = "DataLayer", "DataLayer\DataLayer.csproj", "{F5D72A85-6AEF-4806-8518-055F01FC2804}"
EndProject
Project("{FAE04EC0-301F-11D3-BF4B-00C04F79EFBC}") = "Helpers", "Helpers\Helpers.csproj", "{E76953AE-8DC0-4EC6-A32F-A3AC4D070DA7}"
EndProject
Global
	GlobalSection(SolutionConfigurationPlatforms) = preSolution
		Debug|Any CPU = Debug|Any CPU
		Release|Any CPU = Release|Any CPU
	EndGlobalSection
	GlobalSection(ProjectConfigurationPlatforms) = postSolution
		{DA9B7A6E-4104-4531-838C-A851F3A0E4C9}.Debug|Any CPU.ActiveCfg = Debug|Any CPU
		{DA9B7A6E-4104-4531-838C-A851F3A0E4C9}.Debug|Any CPU.Build.0 = Debug|Any CPU
		{DA9B7A6E-4104-4531-838C-A851F3A0E4C9}.Release|Any CPU.ActiveCfg = Release|Any CPU
		{DA9B7A6E-4104-4531-838C-A851F3A0E4C9}.Release|Any CPU.Build.0 = Release|Any CPU
		{F8AC6F81-6CA5-4825-BE34-D5E91E32672A}.Debug|Any CPU.ActiveCfg = Debug|Any CPU
		{F8AC6F81-6CA5-4825-BE34-D5E91E32672A}.Debug|Any CPU.Build.0 = Debug|Any CPU
		{F8AC6F81-6CA5-4825-BE34-D5E91E32672A}.Release|Any CPU.ActiveCfg = Release|Any CPU
		{F8AC6F81-6CA5-4825-BE34-D5E91E32672A}.Release|Any CPU.Build.0 = Release|Any CPU
		{F5D72A85-6AEF-4806-8518-055F01FC2804}.Debug|Any CPU.ActiveCfg = Debug|Any CPU
		{F5D72A85-6AEF-4806-8518-055F01FC2804}.Debug|Any CPU.Build.0 = Debug|Any CPU
		{F5D72A85-6AEF-4806-8518-055F01FC2804}.Release|Any CPU.ActiveCfg = Release|Any CPU
		{F5D72A85-6AEF-4806-8518-055F01FC2804}.Release|Any CPU.Build.0 = Release|Any CPU
		{E76953AE-8DC0-4EC6-A32F-A3AC4D070DA7}.Debug|Any CPU.ActiveCfg = Debug|Any CPU
		{E76953AE-8DC0-4EC6-A32F-A3AC4D070DA7}.Debug|Any CPU.Build.0 = Debug|Any CPU
		{E76953AE-8DC0-4EC6-A32F-A3AC4D070DA7}.Release|Any CPU.ActiveCfg = Release|Any CPU
		{E76953AE-8DC0-4EC6-A32F-A3AC4D070DA7}.Release|Any CPU.Build.0 = Release|Any CPU
	EndGlobalSection
	GlobalSection(SolutionProperties) = preSolution
		HideSolutionNode = FALSE
	EndGlobalSection
EndGlobal
